
Microsoft Visual Studio Solution File, Format Version 12.00
# Visual Studio Version 17
VisualStudioVersion = 17.8.34601.278
MinimumVisualStudioVersion = 10.0.40219.1
Project("{FAE04EC0-301F-11D3-BF4B-00C04F79EFBC}") = "Bowling", "Bowling\Bowling.csproj", "{5FCDAA9B-6AD6-4771-9F82-28E6E1F58DC0}"
EndProject
Project("{FAE04EC0-301F-11D3-BF4B-00C04F79EFBC}") = "Bowling.Test", "Bowling.Test\Bowling.Test.csproj", "{50372FB8-A967-4380-89B0-794D72472C3E}"
EndProject
Global
	GlobalSection(SolutionConfigurationPlatforms) = preSolution
		Debug|Any CPU = Debug|Any CPU
		Release|Any CPU = Release|Any CPU
	EndGlobalSection
	GlobalSection(ProjectConfigurationPlatforms) = postSolution
		{5FCDAA9B-6AD6-4771-9F82-28E6E1F58DC0}.Debug|Any CPU.ActiveCfg = Debug|Any CPU
		{5FCDAA9B-6AD6-4771-9F82-28E6E1F58DC0}.Debug|Any CPU.Build.0 = Debug|Any CPU
		{5FCDAA9B-6AD6-4771-9F82-28E6E1F58DC0}.Release|Any CPU.ActiveCfg = Release|Any CPU
		{5FCDAA9B-6AD6-4771-9F82-28E6E1F58DC0}.Release|Any CPU.Build.0 = Release|Any CPU
		{50372FB8-A967-4380-89B0-794D72472C3E}.Debug|Any CPU.ActiveCfg = Debug|Any CPU
		{50372FB8-A967-4380-89B0-794D72472C3E}.Debug|Any CPU.Build.0 = Debug|Any CPU
		{50372FB8-A967-4380-89B0-794D72472C3E}.Release|Any CPU.ActiveCfg = Release|Any CPU
		{50372FB8-A967-4380-89B0-794D72472C3E}.Release|Any CPU.Build.0 = Release|Any CPU
	EndGlobalSection
	GlobalSection(SolutionProperties) = preSolution
		HideSolutionNode = FALSE
	EndGlobalSection
	GlobalSection(ExtensibilityGlobals) = postSolution
		SolutionGuid = {7C5CEA63-F13D-4B3A-B3A4-EEFCB1BB83CC}
	EndGlobalSection
EndGlobal
